{
  "requires": true,
  "lockfileVersion": 1,
  "dependencies": {
    "@ionic/core": {
      "version": "5.9.1",
      "resolved": "https://registry.npmjs.org/@ionic/core/-/core-5.9.1.tgz",
      "integrity": "sha512-/jVO0N5ESs/iPFcrFZ/JFvW2Uh0ZV1uLFT2vtbtMfCaOMZK8Bmt36ZR1cDDFTuw14vPOLz/1wI2pbQru48JpkQ==",
      "requires": {
        "@stencil/core": "^2.4.0",
        "ionicons": "^5.5.3",
        "tslib": "^2.1.0"
      }
    },
    "@ionic/react": {
      "version": "5.9.1",
      "resolved": "https://registry.npmjs.org/@ionic/react/-/react-5.9.1.tgz",
      "integrity": "sha512-gn/PZH61A9RKqMQc1eyYlRMGKSpzU8AQCACuvRAcJJcQEb9l4Ryosvt6hp5IlUPWDzc17nnTQgn4Y9D8PREPQA==",
      "requires": {
        "@ionic/core": "5.9.1",
        "ionicons": "^5.1.2",
        "tslib": "*"
      }
    },
    "@ionic/react-router": {
      "version": "5.9.1",
      "resolved": "https://registry.npmjs.org/@ionic/react-router/-/react-router-5.9.1.tgz",
      "integrity": "sha512-O2SlglLB1loeNnPvN2kZE4ncpc1zltOMZPWXpkAhgPdB+QgD26lrwT9WjFvuVMqWsXLSPFmqs2SIgM6gKWSZdw==",
      "requires": {
        "tslib": "*"
      }
    },
    "@stencil/core": {
      "version": "2.10.0",
      "resolved": "https://registry.npmjs.org/@stencil/core/-/core-2.10.0.tgz",
      "integrity": "sha512-15rWMTPQ/sp0lSV82HVCXkIya3QLN+uBl7pqK4JnTrp4HiLrzLmNbWjbvgCs55gw0lULbCIGbRIEsFz+Pe/Q+A=="
    },
    "ionicons": {
      "version": "5.5.4",
      "resolved": "https://registry.npmjs.org/ionicons/-/ionicons-5.5.4.tgz",
      "integrity": "sha512-3ph8X9my3inhabWEZ7N0XRA0MnnNQ1v9a602mLNgWsIXnxE9G5BybIZ/pws/OZZ/hoNlvSjk801N03yL9/FNgQ==",
      "requires": {
        "@stencil/core": "~2.10.0"
      }
    },
    "tslib": {
      "version": "2.3.1",
      "resolved": "https://registry.npmjs.org/tslib/-/tslib-2.3.1.tgz",
      "integrity": "sha512-77EbyPPpMz+FRFRuAFlWMtmgUWGe9UOG2Z25NqCwiIjRhOf5iKGuzSe5P2w1laq+FkRy4p+PCuVkJSGkzTEKVw=="
    }
  }
}
